// !$*UTF8*$!
{
	archiveVersion = 1;
	classes = {
	};
	objectVersion = 46;
	objects = {

/* Begin PBXBuildFile section */
		169FC2241A6F82DA002DD61C /* AppDelegate.swift in Sources */ = {isa = PBXBuildFile; fileRef = 169FC2231A6F82DA002DD61C /* AppDelegate.swift */; };
		169FC2271A6F82DA002DD61C /* TrainTimeTableNow.xcdatamodeld in Sources */ = {isa = PBXBuildFile; fileRef = 169FC2251A6F82DA002DD61C /* TrainTimeTableNow.xcdatamodeld */; };
		169FC2291A6F82DA002DD61C /* ViewController.swift in Sources */ = {isa = PBXBuildFile; fileRef = 169FC2281A6F82DA002DD61C /* ViewController.swift */; };
		169FC22C1A6F82DA002DD61C /* Main.storyboard in Resources */ = {isa = PBXBuildFile; fileRef = 169FC22A1A6F82DA002DD61C /* Main.storyboard */; };
		169FC22E1A6F82DA002DD61C /* Images.xcassets in Resources */ = {isa = PBXBuildFile; fileRef = 169FC22D1A6F82DA002DD61C /* Images.xcassets */; };
		169FC2311A6F82DA002DD61C /* LaunchScreen.xib in Resources */ = {isa = PBXBuildFile; fileRef = 169FC22F1A6F82DA002DD61C /* LaunchScreen.xib */; };
		169FC23D1A6F82DA002DD61C /* TrainTimeTableNowTests.swift in Sources */ = {isa = PBXBuildFile; fileRef = 169FC23C1A6F82DA002DD61C /* TrainTimeTableNowTests.swift */; };
/* End PBXBuildFile section */

/* Begin PBXContainerItemProxy section */
		169FC2371A6F82DA002DD61C /* PBXContainerItemProxy */ = {
			isa = PBXContainerItemProxy;
			containerPortal = 169FC2161A6F82DA002DD61C /* Project object */;
			proxyType = 1;
			remoteGlobalIDString = 169FC21D1A6F82DA002DD61C;
			remoteInfo = TrainTimeTableNow;
		};
/* End PBXContainerItemProxy section */

/* Begin PBXFileReference section */
		169FC21E1A6F82DA002DD61C /* TrainTimeTableNow.app */ = {isa = PBXFileReference; explicitFileType = wrapper.application; includeInIndex = 0; path = TrainTimeTableNow.app; sourceTree = BUILT_PRODUCTS_DIR; };
		169FC2221A6F82DA002DD61C /* Info.plist */ = {isa = PBXFileReference; lastKnownFileType = text.plist.xml; path = Info.plist; sourceTree = "<group>"; };
		169FC2231A6F82DA002DD61C /* AppDelegate.swift */ = {isa = PBXFileReference; lastKnownFileType = sourcecode.swift; path = AppDelegate.swift; sourceTree = "<group>"; };
		169FC2261A6F82DA002DD61C /* TrainTimeTableNow.xcdatamodel */ = {isa = PBXFileReference; lastKnownFileType = wrapper.xcdatamodel; path = TrainTimeTableNow.xcdatamodel; sourceTree = "<group>"; };
		169FC2281A6F82DA002DD61C /* ViewController.swift */ = {isa = PBXFileReference; lastKnownFileType = sourcecode.swift; path = ViewController.swift; sourceTree = "<group>"; };
		169FC22B1A6F82DA002DD61C /* Base */ = {isa = PBXFileReference; lastKnownFileType = file.storyboard; name = Base; path = Base.lproj/Main.storyboard; sourceTree = "<group>"; };
		169FC22D1A6F82DA002DD61C /* Images.xcassets */ = {isa = PBXFileReference; lastKnownFileType = folder.assetcatalog; path = Images.xcassets; sourceTree = "<group>"; };
		169FC2301A6F82DA002DD61C /* Base */ = {isa = PBXFileReference; lastKnownFileType = file.xib; name = Base; path = Base.lproj/LaunchScreen.xib; sourceTree = "<group>"; };
		169FC2361A6F82DA002DD61C /* TrainTimeTableNowTests.xctest */ = {isa = PBXFileReference; explicitFileType = wrapper.cfbundle; includeInIndex = 0; path = TrainTimeTableNowTests.xctest; sourceTree = BUILT_PRODUCTS_DIR; };
		169FC23B1A6F82DA002DD61C /* Info.plist */ = {isa = PBXFileReference; lastKnownFileType = text.plist.xml; path = Info.plist; sourceTree = "<group>"; };
		169FC23C1A6F82DA002DD61C /* TrainTimeTableNowTests.swift */ = {isa = PBXFileReference; lastKnownFileType = sourcecode.swift; path = TrainTimeTableNowTests.swift; sourceTree = "<group>"; };
/* End PBXFileReference section */

/* Begin PBXFrameworksBuildPhase section */
		169FC21B1A6F82DA002DD61C /* Frameworks */ = {
			isa = PBXFrameworksBuildPhase;
			buildActionMask = 2147483647;
			files = (
			);
			runOnlyForDeploymentPostprocessing = 0;
		};
		169FC2331A6F82DA002DD61C /* Frameworks */ = {
			isa = PBXFrameworksBuildPhase;
			buildActionMask = 2147483647;
			files = (
			);
			runOnlyForDeploymentPostprocessing = 0;
		};
/* End PBXFrameworksBuildPhase section */

/* Begin PBXGroup section */
		169FC2151A6F82DA002DD61C = {
			isa = PBXGroup;
			children = (
				169FC2201A6F82DA002DD61C /* TrainTimeTableNow */,
				169FC2391A6F82DA002DD61C /* TrainTimeTableNowTests */,
				169FC21F1A6F82DA002DD61C /* Products */,
			);
			sourceTree = "<group>";
		};
		169FC21F1A6F82DA002DD61C /* Products */ = {
			isa = PBXGroup;
			children = (
				169FC21E1A6F82DA002DD61C /* TrainTimeTableNow.app */,
				169FC2361A6F82DA002DD61C /* TrainTimeTableNowTests.xctest */,
			);
			name = Products;
			sourceTree = "<group>";
		};
		169FC2201A6F82DA002DD61C /* TrainTimeTableNow */ = {
			isa = PBXGroup;
			children = (
				169FC2231A6F82DA002DD61C /* AppDelegate.swift */,
				169FC2281A6F82DA002DD61C /* ViewController.swift */,
				169FC22A1A6F82DA002DD61C /* Main.storyboard */,
				169FC22D1A6F82DA002DD61C /* Images.xcassets */,
				169FC22F1A6F82DA002DD61C /* LaunchScreen.xib */,
				169FC2251A6F82DA002DD61C /* TrainTimeTableNow.xcdatamodeld */,
				169FC2211A6F82DA002DD61C /* Supporting Files */,
			);
			path = TrainTimeTableNow;
			sourceTree = "<group>";
		};
		169FC2211A6F82DA002DD61C /* Supporting Files */ = {
			isa = PBXGroup;
			children = (
				169FC2221A6F82DA002DD61C /* Info.plist */,
			);
			name = "Supporting Files";
			sourceTree = "<group>";
		};
		169FC2391A6F82DA002DD61C /* TrainTimeTableNowTests */ = {
			isa = PBXGroup;
			children = (
				169FC23C1A6F82DA002DD61C /* TrainTimeTableNowTests.swift */,
				169FC23A1A6F82DA002DD61C /* Supporting Files */,
			);
			path = TrainTimeTableNowTests;
			sourceTree = "<group>";
		};
		169FC23A1A6F82DA002DD61C /* Supporting Files */ = {
			isa = PBXGroup;
			children = (
				169FC23B1A6F82DA002DD61C /* Info.plist */,
			);
			name = "Supporting Files";
			sourceTree = "<group>";
		};
/* End PBXGroup section */

/* Begin PBXNativeTarget section */
		169FC21D1A6F82DA002DD61C /* TrainTimeTableNow */ = {
			isa = PBXNativeTarget;
			buildConfigurationList = 169FC2401A6F82DA002DD61C /* Build configuration list for PBXNativeTarget "TrainTimeTableNow" */;
			buildPhases = (
				169FC21A1A6F82DA002DD61C /* Sources */,
				169FC21B1A6F82DA002DD61C /* Frameworks */,
				169FC21C1A6F82DA002DD61C /* Resources */,
			);
			buildRules = (
			);
			dependencies = (
			);
			name = TrainTimeTableNow;
			productName = TrainTimeTableNow;
			productReference = 169FC21E1A6F82DA002DD61C /* TrainTimeTableNow.app */;
			productType = "com.apple.product-type.application";
		};
		169FC2351A6F82DA002DD61C /* TrainTimeTableNowTests */ = {
			isa = PBXNativeTarget;
			buildConfigurationList = 169FC2431A6F82DB002DD61C /* Build configuration list for PBXNativeTarget "TrainTimeTableNowTests" */;
			buildPhases = (
				169FC2321A6F82DA002DD61C /* Sources */,
				169FC2331A6F82DA002DD61C /* Frameworks */,
				169FC2341A6F82DA002DD61C /* Resources */,
			);
			buildRules = (
			);
			dependencies = (
				169FC2381A6F82DA002DD61C /* PBXTargetDependency */,
			);
			name = TrainTimeTableNowTests;
			productName = TrainTimeTableNowTests;
			productReference = 169FC2361A6F82DA002DD61C /* TrainTimeTableNowTests.xctest */;
			productType = "com.apple.product-type.bundle.unit-test";
		};
/* End PBXNativeTarget section */

/* Begin PBXProject section */
		169FC2161A6F82DA002DD61C /* Project object */ = {
			isa = PBXProject;
			attributes = {
				LastUpgradeCheck = 0610;
				ORGANIZATIONNAME = "Takashi Ikeda";
				TargetAttributes = {
					169FC21D1A6F82DA002DD61C = {
						CreatedOnToolsVersion = 6.1.1;
					};
					169FC2351A6F82DA002DD61C = {
						CreatedOnToolsVersion = 6.1.1;
						TestTargetID = 169FC21D1A6F82DA002DD61C;
					};
				};
			};
			buildConfigurationList = 169FC2191A6F82DA002DD61C /* Build configuration list for PBXProject "TrainTimeTableNow" */;
			compatibilityVersion = "Xcode 3.2";
			developmentRegion = English;
			hasScannedForEncodings = 0;
			knownRegions = (
				en,
				Base,
			);
			mainGroup = 169FC2151A6F82DA002DD61C;
			productRefGroup = 169FC21F1A6F82DA002DD61C /* Products */;
			projectDirPath = "";
			projectRoot = "";
			targets = (
				169FC21D1A6F82DA002DD61C /* TrainTimeTableNow */,
				169FC2351A6F82DA002DD61C /* TrainTimeTableNowTests */,
			);
		};
/* End PBXProject section */

/* Begin PBXResourcesBuildPhase section */
		169FC21C1A6F82DA002DD61C /* Resources */ = {
			isa = PBXResourcesBuildPhase;
			buildActionMask = 2147483647;
			files = (
				169FC22C1A6F82DA002DD61C /* Main.storyboard in Resources */,
				169FC2311A6F82DA002DD61C /* LaunchScreen.xib in Resources */,
				169FC22E1A6F82DA002DD61C /* Images.xcassets in Resources */,
			);
			runOnlyForDeploymentPostprocessing = 0;
		};
		169FC2341A6F82DA002DD61C /* Resources */ = {
			isa = PBXResourcesBuildPhase;
			buildActionMask = 2147483647;
			files = (
			);
			runOnlyForDeploymentPostprocessing = 0;
		};
/* End PBXResourcesBuildPhase section */

/* Begin PBXSourcesBuildPhase section */
		169FC21A1A6F82DA002DD61C /* Sources */ = {
			isa = PBXSourcesBuildPhase;
			buildActionMask = 2147483647;
			files = (
				169FC2291A6F82DA002DD61C /* ViewController.swift in Sources */,
				169FC2241A6F82DA002DD61C /* AppDelegate.swift in Sources */,
				169FC2271A6F82DA002DD61C /* TrainTimeTableNow.xcdatamodeld in Sources */,
			);
			runOnlyForDeploymentPostprocessing = 0;
		};
		169FC2321A6F82DA002DD61C /* Sources */ = {
			isa = PBXSourcesBuildPhase;
			buildActionMask = 2147483647;
			files = (
				169FC23D1A6F82DA002DD61C /* TrainTimeTableNowTests.swift in Sources */,
			);
			runOnlyForDeploymentPostprocessing = 0;
		};
/* End PBXSourcesBuildPhase section */

/* Begin PBXTargetDependency section */
		169FC2381A6F82DA002DD61C /* PBXTargetDependency */ = {
			isa = PBXTargetDependency;
			target = 169FC21D1A6F82DA002DD61C /* TrainTimeTableNow */;
			targetProxy = 169FC2371A6F82DA002DD61C /* PBXContainerItemProxy */;
		};
/* End PBXTargetDependency section */

/* Begin PBXVariantGroup section */
		169FC22A1A6F82DA002DD61C /* Main.storyboard */ = {
			isa = PBXVariantGroup;
			children = (
				169FC22B1A6F82DA002DD61C /* Base */,
			);
			name = Main.storyboard;
			sourceTree = "<group>";
		};
		169FC22F1A6F82DA002DD61C /* LaunchScreen.xib */ = {
			isa = PBXVariantGroup;
			children = (
				169FC2301A6F82DA002DD61C /* Base */,
			);
			name = LaunchScreen.xib;
			sourceTree = "<group>";
		};
/* End PBXVariantGroup section */

/* Begin XCBuildConfiguration section */
		169FC23E1A6F82DA002DD61C /* Debug */ = {
			isa = XCBuildConfiguration;
			buildSettings = {
				ALWAYS_SEARCH_USER_PATHS = NO;
				CLANG_CXX_LANGUAGE_STANDARD = "gnu++0x";
				CLANG_CXX_LIBRARY = "libc++";
				CLANG_ENABLE_MODULES = YES;
				CLANG_ENABLE_OBJC_ARC = YES;
				CLANG_WARN_BOOL_CONVERSION = YES;
				CLANG_WARN_CONSTANT_CONVERSION = YES;
				CLANG_WARN_DIRECT_OBJC_ISA_USAGE = YES_ERROR;
				CLANG_WARN_EMPTY_BODY = YES;
				CLANG_WARN_ENUM_CONVERSION = YES;
				CLANG_WARN_INT_CONVERSION = YES;
				CLANG_WARN_OBJC_ROOT_CLASS = YES_ERROR;
				CLANG_WARN_UNREACHABLE_CODE = YES;
				CLANG_WARN__DUPLICATE_METHOD_MATCH = YES;
				"CODE_SIGN_IDENTITY[sdk=iphoneos*]" = "iPhone Developer";
				COPY_PHASE_STRIP = NO;
				ENABLE_STRICT_OBJC_MSGSEND = YES;
				GCC_C_LANGUAGE_STANDARD = gnu99;
				GCC_DYNAMIC_NO_PIC = NO;
				GCC_OPTIMIZATION_LEVEL = 0;
				GCC_PREPROCESSOR_DEFINITIONS = (
					"DEBUG=1",
					"$(inherited)",
				);
				GCC_SYMBOLS_PRIVATE_EXTERN = NO;
				GCC_WARN_64_TO_32_BIT_CONVERSION = YES;
				GCC_WARN_ABOUT_RETURN_TYPE = YES_ERROR;
				GCC_WARN_UNDECLARED_SELECTOR = YES;
				GCC_WARN_UNINITIALIZED_AUTOS = YES_AGGRESSIVE;
				GCC_WARN_UNUSED_FUNCTION = YES;
				GCC_WARN_UNUSED_VARIABLE = YES;
				IPHONEOS_DEPLOYMENT_TARGET = 8.1;
				MTL_ENABLE_DEBUG_INFO = YES;
				ONLY_ACTIVE_ARCH = YES;
				SDKROOT = iphoneos;
				SWIFT_OPTIMIZATION_LEVEL = "-Onone";
			};
			name = Debug;
		};
		169FC23F1A6F82DA002DD61C /* Release */ = {
			isa = XCBuildConfiguration;
			buildSettings = {
				ALWAYS_SEARCH_USER_PATHS = NO;
				CLANG_CXX_LANGUAGE_STANDARD = "gnu++0x";
				CLANG_CXX_LIBRARY = "libc++";
				CLANG_ENABLE_MODULES = YES;
				CLANG_ENABLE_OBJC_ARC = YES;
				CLANG_WARN_BOOL_CONVERSION = YES;
				CLANG_WARN_CONSTANT_CONVERSION = YES;
				CLANG_WARN_DIRECT_OBJC_ISA_USAGE = YES_ERROR;
				CLANG_WARN_EMPTY_BODY = YES;
				CLANG_WARN_ENUM_CONVERSION = YES;
				CLANG_WARN_INT_CONVERSION = YES;
				CLANG_WARN_OBJC_ROOT_CLASS = YES_ERROR;
				CLANG_WARN_UNREACHABLE_CODE = YES;
				CLANG_WARN__DUPLICATE_METHOD_MATCH = YES;
				"CODE_SIGN_IDENTITY[sdk=iphoneos*]" = "iPhone Developer";
				COPY_PHASE_STRIP = YES;
				ENABLE_NS_ASSERTIONS = NO;
				ENABLE_STRICT_OBJC_MSGSEND = YES;
				GCC_C_LANGUAGE_STANDARD = gnu99;
				GCC_WARN_64_TO_32_BIT_CONVERSION = YES;
				GCC_WARN_ABOUT_RETURN_TYPE = YES_ERROR;
				GCC_WARN_UNDECLARED_SELECTOR = YES;
				GCC_WARN_UNINITIALIZED_AUTOS = YES_AGGRESSIVE;
				GCC_WARN_UNUSED_FUNCTION = YES;
				GCC_WARN_UNUSED_VARIABLE = YES;
				IPHONEOS_DEPLOYMENT_TARGET = 8.1;
				MTL_ENABLE_DEBUG_INFO = NO;
				SDKROOT = iphoneos;
				VALIDATE_PRODUCT = YES;
			};
			name = Release;
		};
		169FC2411A6F82DA002DD61C /* Debug */ = {
			isa = XCBuildConfiguration;
			buildSettings = {
				ASSETCATALOG_COMPILER_APPICON_NAME = AppIcon;
				INFOPLIST_FILE = TrainTimeTableNow/Info.plist;
				LD_RUNPATH_SEARCH_PATHS = "$(inherited) @executable_path/Frameworks";
				PRODUCT_NAME = "$(TARGET_NAME)";
			};
			name = Debug;
		};
		169FC2421A6F82DA002DD61C /* Release */ = {
			isa = XCBuildConfiguration;
			buildSettings = {
				ASSETCATALOG_COMPILER_APPICON_NAME = AppIcon;
				INFOPLIST_FILE = TrainTimeTableNow/Info.plist;
				LD_RUNPATH_SEARCH_PATHS = "$(inherited) @executable_path/Frameworks";
				PRODUCT_NAME = "$(TARGET_NAME)";
			};
			name = Release;
		};
		169FC2441A6F82DB002DD61C /* Debug */ = {
			isa = XCBuildConfiguration;
			buildSettings = {
				BUNDLE_LOADER = "$(TEST_HOST)";
				FRAMEWORK_SEARCH_PATHS = (
					"$(SDKROOT)/Developer/Library/Frameworks",
					"$(inherited)",
				);
				GCC_PREPROCESSOR_DEFINITIONS = (
					"DEBUG=1",
					"$(inherited)",
				);
				INFOPLIST_FILE = TrainTimeTableNowTests/Info.plist;
				LD_RUNPATH_SEARCH_PATHS = "$(inherited) @executable_path/Frameworks @loader_path/Frameworks";
				PRODUCT_NAME = "$(TARGET_NAME)";
				TEST_HOST = "$(BUILT_PRODUCTS_DIR)/TrainTimeTableNow.app/TrainTimeTableNow";
			};
			name = Debug;
		};
		169FC2451A6F82DB002DD61C /* Release */ = {
			isa = XCBuildConfiguration;
			buildSettings = {
				BUNDLE_LOADER = "$(TEST_HOST)";
				FRAMEWORK_SEARCH_PATHS = (
					"$(SDKROOT)/Developer/Library/Frameworks",
					"$(inherited)",
				);
				INFOPLIST_FILE = TrainTimeTableNowTests/Info.plist;
				LD_RUNPATH_SEARCH_PATHS = "$(inherited) @executable_path/Frameworks @loader_path/Frameworks";
				PRODUCT_NAME = "$(TARGET_NAME)";
				TEST_HOST = "$(BUILT_PRODUCTS_DIR)/TrainTimeTableNow.app/TrainTimeTableNow";
			};
			name = Release;
		};
/* End XCBuildConfiguration section */

/* Begin XCConfigurationList section */
		169FC2191A6F82DA002DD61C /* Build configuration list for PBXProject "TrainTimeTableNow" */ = {
			isa = XCConfigurationList;
			buildConfigurations = (
				169FC23E1A6F82DA002DD61C /* Debug */,
				169FC23F1A6F82DA002DD61C /* Release */,
			);
			defaultConfigurationIsVisible = 0;
			defaultConfigurationName = Release;
		};
		169FC2401A6F82DA002DD61C /* Build configuration list for PBXNativeTarget "TrainTimeTableNow" */ = {
			isa = XCConfigurationList;
			buildConfigurations = (
				169FC2411A6F82DA002DD61C /* Debug */,
				169FC2421A6F82DA002DD61C /* Release */,
			);
			defaultConfigurationIsVisible = 0;
		};
		169FC2431A6F82DB002DD61C /* Build configuration list for PBXNativeTarget "TrainTimeTableNowTests" */ = {
			isa = XCConfigurationList;
			buildConfigurations = (
				169FC2441A6F82DB002DD61C /* Debug */,
				169FC2451A6F82DB002DD61C /* Release */,
			);
			defaultConfigurationIsVisible = 0;
		};
/* End XCConfigurationList section */

/* Begin XCVersionGroup section */
		169FC2251A6F82DA002DD61C /* TrainTimeTableNow.xcdatamodeld */ = {
			isa = XCVersionGroup;
			children = (
				169FC2261A6F82DA002DD61C /* TrainTimeTableNow.xcdatamodel */,
			);
			currentVersion = 169FC2261A6F82DA002DD61C /* TrainTimeTableNow.xcdatamodel */;
			path = TrainTimeTableNow.xcdatamodeld;
			sourceTree = "<group>";
			versionGroupType = wrapper.xcdatamodel;
		};
/* End XCVersionGroup section */
	};
	rootObject = 169FC2161A6F82DA002DD61C /* Project object */;
}
